{
  "name": "gatsby-landing-page",
  "version": "1.1.3",
  "lockfileVersion": 2,
  "requires": true,
  "packages": {
    "": {
      "version": "1.1.3",
      "license": "MIT",
      "dependencies": {
        "gatsby": "^2.29.2",
        "gatsby-image": "^2.8.0",
        "gatsby-plugin-react-helmet": "^3.7.0",
        "gatsby-plugin-sharp": "^2.11.2",
        "gatsby-source-filesystem": "^2.8.1",
        "gatsby-transformer-remark": "^2.13.1",
        "gatsby-transformer-sharp": "^2.9.0",
        "react": "^16.4.2",
        "react-dom": "^16.4.2",
        "react-helmet": "^6.1.0"
      }
    },
    "node_modules/gatsby": {
      "version": "2.29.2",
      "resolved": "https://registry.yarnpkg.com/gatsby/-/gatsby-2.29.2.tgz",
      "integrity": "sha1-/K02oyDNLLNFKLGHYrN+gpkELoI= sha512-89My5UzWA3Ix6zVWr2qQ95nIfVGBRRTpJ5gvp9oqAS+pwV6WxUg/vn7TDVifyg1eqS1jS+FDX96+txji+54QPg==",
      "hasInstallScript": true,
      "dependencies": {
        "chalk": "^4.1.0",
        "debug": "^3.2.6",
        "micromatch": "^4.0.2",
        "semver": "^7.3.2",
        "source-map": "^0.7.3",
        "strip-ansi": "^5.2.0",
        "tmp": "^0.2.1"
      },
      "bin": {
        "gatsby": "cli.js"
      },
      "engines": {
        "node": ">=10.13.0"
      }
    },
    "node_modules/gatsby-image": {
      "version": "2.8.0",
      "resolved": "https://registry.yarnpkg.com/gatsby-image/-/gatsby-image-2.8.0.tgz",
      "integrity": "sha1-/YgmLjwEa33oo5ALwIL2VoNJCCk= sha512-yKoOdmO5E97PThF6W8KOr5zeg7nYu3sE44iOupyFKqUvCDRNg9aPBpruCE4Adfc3yxyhFIN70CGV6nAQNOtmvA==",
      "engines": {
        "node": ">=10.13.0"
      }
    },
    "node_modules/gatsby-plugin-react-helmet": {
      "version": "3.7.0",
      "resolved": "https://registry.yarnpkg.com/gatsby-plugin-react-helmet/-/gatsby-plugin-react-helmet-3.7.0.tgz",
      "integrity": "sha1-GjylizmeKpn/X+yXQh/yFWs9ZOA= sha512-vynqIMOUR/sOfM2eXpZiECuEZ6G/97ic+ulkyCVw7CjHNTQCW2evzJKNbHQrBYgmQCGXzQJuyGf1F5khLm8H7g==",
      "engines": {
        "node": ">=10.13.0"
      }
    },
    "node_modules/gatsby-plugin-sharp": {
      "version": "2.11.2",
      "resolved": "https://registry.yarnpkg.com/gatsby-plugin-sharp/-/gatsby-plugin-sharp-2.11.2.tgz",
      "integrity": "sha1-SU6cpttB2odm+evT69QypYn+YLA= sha512-NzYWuH9M12xf7aoHL8ynvUJvmwq6JmJqYD62liUOV4hU+MR8iQH0A4qkHWTIMCs5J5WSILgR5p7T2x5JrSLIAA==",
      "dependencies": {
        "fs-extra": "^9.0.1",
        "got": "^10.7.0",
        "semver": "^7.3.2"
      },
      "engines": {
        "node": ">=10.13.0"
      }
    },
    "node_modules/gatsby-plugin-sharp/node_modules/fs-extra": {
      "version": "9.0.1",
      "resolved": "https://registry.yarnpkg.com/fs-extra/-/fs-extra-9.0.1.tgz",
      "integrity": "sha1-kQ2gBiQ3ukw5/t2GPxZ1zP78ufw= sha512-h2iAoN838FqAFJY2/qVpzFXy+EBxfVE220PalAqQLDVsFOHLJrZvut5puAbCdNv6WJk+B8ihI+k0c7JK5erwqQ==",
      "engines": {
        "node": ">=10"
      }
    },
    "node_modules/gatsby-plugin-sharp/node_modules/got": {
      "version": "10.7.0",
      "resolved": "https://registry.yarnpkg.com/got/-/got-10.7.0.tgz",
      "integrity": "sha1-YoidvNbMoyzWoVTMLQxolRIdCR8= sha512-aWTDeNw9g+XqEZNcTjMMZSy7B7yE9toWOFYip7ofFTLleJhvZwUxxTxkTpKvF+p1SAA4VHmuEy7PiHTHyq8tJg==",
      "engines": {
        "node": ">=10"
      }
    },
    "node_modules/gatsby-plugin-sharp/node_modules/semver": {
      "version": "7.3.4",
      "resolved": "https://registry.yarnpkg.com/semver/-/semver-7.3.4.tgz",
      "integrity": "sha1-J6qn0uTKdkUvmNOt0JOnLJQ+3Jc= sha512-tCfb2WLjqFAtXn4KEdxIhalnRtoKFN7nAwj0B3ZXCbQloV2tq5eDbcTmT68JJD3nRJq24/XgxtQKFIpQdtvmVw==",
      "bin": {
        "semver": "bin/semver.js"
      },
      "engines": {
        "node": ">=10"
      }
    },
    "node_modules/gatsby-source-filesystem": {
      "version": "2.8.1",
      "resolved": "https://registry.yarnpkg.com/gatsby-source-filesystem/-/gatsby-source-filesystem-2.8.1.tgz",
      "integrity": "sha1-hbXc5u16HfXUOlTpH4aC0rIZplY= sha512-awvrQ63dayVFsbTnPS8dIpFCsDnvwj5RKUCtwn5wL+DKerOFgcCfyXHsSx4rrnIlnvs30yzR7qNgN5tHSx2++Q==",
      "dependencies": {
        "file-type": "^16.0.0",
        "got": "^9.6.0",
        "xstate": "^4.14.0"
      },
      "engines": {
        "node": ">=10.13.0"
      }
    },
    "node_modules/gatsby-source-filesystem/node_modules/file-type": {
      "version": "16.1.0",
      "resolved": "https://registry.yarnpkg.com/file-type/-/file-type-16.1.0.tgz",
      "integrity": "sha1-HIpEWLIQPgfStJrn92OEq6/oZSk= sha512-G4Klqf6tuprtG0pC4r9kni4Wv8XhAAsfHphVqsQGA+YiOlPAO40BZduDqKfv0RFsu9q9ZbFObWfwszY/NqhEZw==",
      "engines": {
        "node": ">=8"
      }
    },
    "node_modules/gatsby-source-filesystem/node_modules/got": {
      "version": "9.6.0",
      "resolved": "https://registry.yarnpkg.com/got/-/got-9.6.0.tgz",
      "integrity": "sha1-7fRefWf5lUVwXeH3u+7rEhdl7YU= sha512-R7eWptXuGYxwijs0eV+v3o6+XH1IqVK8dJOEecQfTmkncw9AV4dcw/Dhxi8MdlqPthxxpZyizMzyg8RTmEsG+Q==",
      "engines": {
        "node": ">=8.6"
      }
    },
    "node_modules/gatsby-source-filesystem/node_modules/xstate": {
      "version": "4.15.3",
      "resolved": "https://registry.yarnpkg.com/xstate/-/xstate-4.15.3.tgz",
      "integrity": "sha1-nIIlzaO+I1nH1tHVh+Avpb+b//c= sha512-nf4zzLNs5W57stMZib9UG9PA5ywu89INsaXBMZf7iQxkYD9apbIOQcK8nu/iVZEDOVE+vR8GQnTaOg/8iDSK5Q=="
    },
    "node_modules/gatsby-transformer-remark": {
      "version": "2.13.1",
      "resolved": "https://registry.yarnpkg.com/gatsby-transformer-remark/-/gatsby-transformer-remark-2.13.1.tgz",
      "integrity": "sha1-qJg+vhhXyJarFxtsWqWNVQO1aEs= sha512-l1QWWye5l9x009vLNn+tus2cEHO2OICKINJg5jhValw4Frm+XLJz97ffX1Y6s6a8b6tLuEZPQFb/pwk0wgi0UQ==",
      "engines": {
        "node": ">=10.13.0"
      }
    },
    "node_modules/gatsby-transformer-sharp": {
      "version": "2.9.0",
      "resolved": "https://registry.yarnpkg.com/gatsby-transformer-sharp/-/gatsby-transformer-sharp-2.9.0.tgz",
      "integrity": "sha1-0pczc39fKLoRUztOhniDCVoPcXg= sha512-v8kKgySAZtO7ko+XKbSFLXM0JUPP5s08PI7S8krBPsrhclSY9plRGOqtef1dNG7LIxbGCggy58fGTaD3aad12g==",
      "dependencies": {
        "fs-extra": "^9.0.1",
        "semver": "^7.3.2"
      },
      "engines": {
        "node": ">=10.13.0"
      }
    },
    "node_modules/gatsby-transformer-sharp/node_modules/fs-extra": {
      "version": "9.0.1",
      "resolved": "https://registry.yarnpkg.com/fs-extra/-/fs-extra-9.0.1.tgz",
      "integrity": "sha1-kQ2gBiQ3ukw5/t2GPxZ1zP78ufw= sha512-h2iAoN838FqAFJY2/qVpzFXy+EBxfVE220PalAqQLDVsFOHLJrZvut5puAbCdNv6WJk+B8ihI+k0c7JK5erwqQ==",
      "engines": {
        "node": ">=10"
      }
    },
    "node_modules/gatsby-transformer-sharp/node_modules/semver": {
      "version": "7.3.4",
      "resolved": "https://registry.yarnpkg.com/semver/-/semver-7.3.4.tgz",
      "integrity": "sha1-J6qn0uTKdkUvmNOt0JOnLJQ+3Jc= sha512-tCfb2WLjqFAtXn4KEdxIhalnRtoKFN7nAwj0B3ZXCbQloV2tq5eDbcTmT68JJD3nRJq24/XgxtQKFIpQdtvmVw==",
      "bin": {
        "semver": "bin/semver.js"
      },
      "engines": {
        "node": ">=10"
      }
    },
    "node_modules/gatsby/node_modules/chalk": {
      "version": "4.1.0",
      "resolved": "https://registry.yarnpkg.com/chalk/-/chalk-4.1.0.tgz",
      "integrity": "sha1-ThSHCmGNni7dl92DRf2dncMVZGo= sha512-qwx12AxXe2Q5xQ43Ac//I6v5aXTipYrSESdOgzrN+9XjgEpyjpKuvSGaN4qE93f7TQTlerQQ8S+EQ0EyDoVL1A==",
      "engines": {
        "node": ">=10"
      }
    },
    "node_modules/gatsby/node_modules/debug": {
      "version": "3.2.7",
      "resolved": "https://registry.yarnpkg.com/debug/-/debug-3.2.7.tgz",
      "integrity": "sha1-clgLfpFF+zm2Z2+cXl+xALk0F5o= sha512-CFjzYYAi4ThfiQvizrFQevTTXHtnCqWfe7x1AhgEscTz6ZbLbfoLRLPugTQyBth6f8ZERVUSyWHFD/7Wu4t1XQ=="
    },
    "node_modules/gatsby/node_modules/micromatch": {
      "version": "4.0.2",
      "resolved": "https://registry.yarnpkg.com/micromatch/-/micromatch-4.0.2.tgz",
      "integrity": "sha1-T8sJmb+fvC/L3SEvbWKbmlbDklk= sha512-y7FpHSbMUMoyPbYUSzO6PaZ6FyRnQOpHuKwbo1G+Knck95XVU4QAiKdGEnj5wwoS7PlOgthX/09u5iFJ+aYf5Q==",
      "engines": {
        "node": ">=8"
      }
    },
    "node_modules/gatsby/node_modules/semver": {
      "version": "7.3.4",
      "resolved": "https://registry.yarnpkg.com/semver/-/semver-7.3.4.tgz",
      "integrity": "sha1-J6qn0uTKdkUvmNOt0JOnLJQ+3Jc= sha512-tCfb2WLjqFAtXn4KEdxIhalnRtoKFN7nAwj0B3ZXCbQloV2tq5eDbcTmT68JJD3nRJq24/XgxtQKFIpQdtvmVw==",
      "bin": {
        "semver": "bin/semver.js"
      },
      "engines": {
        "node": ">=10"
      }
    },
    "node_modules/gatsby/node_modules/source-map": {
      "version": "0.7.3",
      "resolved": "https://registry.yarnpkg.com/source-map/-/source-map-0.7.3.tgz",
      "integrity": "sha1-UwL4FpAxc1ImVECS5kmB91F1A4M= sha512-CkCj6giN3S+n9qrYiBTX5gystlENnRW5jZeNLHpe6aue+SrHcG5VYwujhW9s4dY31mEGsxBDrHR6oI69fTXsaQ==",
      "engines": {
        "node": ">= 8"
      }
    },
    "node_modules/gatsby/node_modules/strip-ansi": {
      "version": "5.2.0",
      "resolved": "https://registry.yarnpkg.com/strip-ansi/-/strip-ansi-5.2.0.tgz",
      "integrity": "sha1-jJpTb+tq/JYr36WxBKUJHBrZwK4= sha512-DuRs1gKbBqsMKIZlrffwlug8MHkcnpjs5VPmL1PAh+mA30U0DTotfDZ0d2UUsXpPmPmMMJ6W773MaA3J+lbiWA==",
      "engines": {
        "node": ">=6"
      }
    },
    "node_modules/gatsby/node_modules/tmp": {
      "version": "0.2.1",
      "resolved": "https://registry.yarnpkg.com/tmp/-/tmp-0.2.1.tgz",
      "integrity": "sha1-hFf8MDfc9HGcJRNnoa9lAO4czxQ= sha512-76SUhtfqR2Ijn+xllcI5P1oyannHNHByD80W1q447gU3mp9G9PSpGdWmjUOHRDPiHYacIk66W7ubDTuPF3BEtQ==",
      "engines": {
        "node": ">=8.17.0"
      }
    },
    "node_modules/js-tokens": {
      "version": "4.0.0",
      "resolved": "https://registry.yarnpkg.com/js-tokens/-/js-tokens-4.0.0.tgz",
      "integrity": "sha1-GSA/tZmR35jjoocFDUZHzerzJJk= sha512-RdJUflcE3cUzKiMqQgsCu06FPu9UdIJO0beYbPhHN4k6apgJtifcoCtT9bcxOpYBtpD2kCM6Sbzg4CausW/PKQ=="
    },
    "node_modules/loose-envify": {
      "version": "1.4.0",
      "resolved": "https://registry.yarnpkg.com/loose-envify/-/loose-envify-1.4.0.tgz",
      "integrity": "sha1-ce5R+nvkyuwaY4OffmgtgTLTDK8= sha512-lyuxPGr/Wfhrlem2CL/UcnUc1zcqKAImBDzukY7Y5F/yQiNdko6+fRLevlw1HgMySw7f611UIY408EtxRSoK3Q==",
      "dependencies": {
        "js-tokens": "^3.0.0 || ^4.0.0"
      },
      "bin": {
        "loose-envify": "cli.js"
      }
    },
    "node_modules/object-assign": {
      "version": "4.1.1",
      "resolved": "https://registry.yarnpkg.com/object-assign/-/object-assign-4.1.1.tgz",
      "integrity": "sha1-IQmtx5ZYh8/AXLvUQsrIv7s2CGM=",
      "engines": {
        "node": ">=0.10.0"
      }
    },
    "node_modules/prop-types": {
      "version": "15.7.2",
      "resolved": "https://registry.yarnpkg.com/prop-types/-/prop-types-15.7.2.tgz",
      "integrity": "sha1-UsQedbjIfnK52TYOAga5ncv/psU= sha512-8QQikdH7//R2vurIJSutZ1smHYTcLpRWEOlHnzcWHmBYrOGUysKwSsrC89BCiFj3CbrfJ/nXFdJepOVrY1GCHQ==",
      "dependencies": {
        "loose-envify": "^1.4.0",
        "object-assign": "^4.1.1",
        "react-is": "^16.8.1"
      }
    },
    "node_modules/react": {
      "version": "16.14.0",
      "resolved": "https://registry.npmjs.org/react/-/react-16.14.0.tgz",
      "integrity": "sha512-0X2CImDkJGApiAlcf0ODKIneSwBPhqJawOa5wCtKbu7ZECrmS26NvtSILynQ66cgkT/RJ4LidJOc3bUESwmU8g==",
      "dependencies": {
        "loose-envify": "^1.1.0",
        "object-assign": "^4.1.1",
        "prop-types": "^15.6.2"
      },
      "engines": {
        "node": ">=0.10.0"
      }
    },
    "node_modules/react-dom": {
      "version": "16.14.0",
      "resolved": "https://registry.npmjs.org/react-dom/-/react-dom-16.14.0.tgz",
      "integrity": "sha512-1gCeQXDLoIqMgqD3IO2Ah9bnf0w9kzhwN5q4FGnHZ67hBm9yePzB5JJAIQCc8x3pFnNlwFq4RidZggNAAkzWWw==",
      "dependencies": {
        "loose-envify": "^1.1.0",
        "object-assign": "^4.1.1",
        "prop-types": "^15.6.2",
        "scheduler": "^0.19.1"
      },
      "peerDependencies": {
        "react": "^16.14.0"
      }
    },
    "node_modules/react-helmet": {
      "version": "6.1.0",
      "resolved": "https://registry.yarnpkg.com/react-helmet/-/react-helmet-6.1.0.tgz",
      "integrity": "sha1-p1DVFlyxPPIT5EdHUCZS55RGhyY= sha512-4uMzEY9nlDlgxr61NL3XbKRy1hEkXmKNXhjbAIOVw5vcFrsdYbH2FEwcNyWvWinl103nXgzYNlns9ca+8kFiWw=="
    },
    "node_modules/react-is": {
      "version": "16.13.1",
      "resolved": "https://registry.yarnpkg.com/react-is/-/react-is-16.13.1.tgz",
      "integrity": "sha1-eJcppNw23imZ3BVt1sHZwYzqVqQ= sha512-24e6ynE2H+OKt4kqsOvNd8kBpV65zoxbA4BVsEOB3ARVWQki/DHzaUoC5KuON/BiccDaCCTZBuOcfZs70kR8bQ=="
    },
    "node_modules/scheduler": {
      "version": "0.19.1",
      "resolved": "https://registry.npmjs.org/scheduler/-/scheduler-0.19.1.tgz",
      "integrity": "sha512-n/zwRWRYSUj0/3g/otKDRPMh6qv2SYMWNq85IEa8iZyAv8od9zDYpGSnpBEjNgcMNq6Scbu5KfIPxNF72R/2EA==",
      "dependencies": {
        "loose-envify": "^1.1.0",
        "object-assign": "^4.1.1"
      }
    }
  },
  "dependencies": {
    "gatsby": {
      "version": "2.29.2",
      "resolved": "https://registry.yarnpkg.com/gatsby/-/gatsby-2.29.2.tgz",
      "integrity": "sha1-/K02oyDNLLNFKLGHYrN+gpkELoI= sha512-89My5UzWA3Ix6zVWr2qQ95nIfVGBRRTpJ5gvp9oqAS+pwV6WxUg/vn7TDVifyg1eqS1jS+FDX96+txji+54QPg==",
      "requires": {
        "chalk": "^4.1.0",
        "debug": "^3.2.6",
        "micromatch": "^4.0.2",
        "semver": "^7.3.2",
        "source-map": "^0.7.3",
        "strip-ansi": "^5.2.0",
        "tmp": "^0.2.1"
      },
      "dependencies": {
        "chalk": {
          "version": "4.1.0",
          "resolved": "https://registry.yarnpkg.com/chalk/-/chalk-4.1.0.tgz",
          "integrity": "sha1-ThSHCmGNni7dl92DRf2dncMVZGo= sha512-qwx12AxXe2Q5xQ43Ac//I6v5aXTipYrSESdOgzrN+9XjgEpyjpKuvSGaN4qE93f7TQTlerQQ8S+EQ0EyDoVL1A=="
        },
        "debug": {
          "version": "3.2.7",
          "resolved": "https://registry.yarnpkg.com/debug/-/debug-3.2.7.tgz",
          "integrity": "sha1-clgLfpFF+zm2Z2+cXl+xALk0F5o= sha512-CFjzYYAi4ThfiQvizrFQevTTXHtnCqWfe7x1AhgEscTz6ZbLbfoLRLPugTQyBth6f8ZERVUSyWHFD/7Wu4t1XQ=="
        },
        "micromatch": {
          "version": "4.0.2",
          "resolved": "https://registry.yarnpkg.com/micromatch/-/micromatch-4.0.2.tgz",
          "integrity": "sha1-T8sJmb+fvC/L3SEvbWKbmlbDklk= sha512-y7FpHSbMUMoyPbYUSzO6PaZ6FyRnQOpHuKwbo1G+Knck95XVU4QAiKdGEnj5wwoS7PlOgthX/09u5iFJ+aYf5Q=="
        },
        "semver": {
          "version": "7.3.4",
          "resolved": "https://registry.yarnpkg.com/semver/-/semver-7.3.4.tgz",
          "integrity": "sha1-J6qn0uTKdkUvmNOt0JOnLJQ+3Jc= sha512-tCfb2WLjqFAtXn4KEdxIhalnRtoKFN7nAwj0B3ZXCbQloV2tq5eDbcTmT68JJD3nRJq24/XgxtQKFIpQdtvmVw=="
        },
        "source-map": {
          "version": "0.7.3",
          "resolved": "https://registry.yarnpkg.com/source-map/-/source-map-0.7.3.tgz",
          "integrity": "sha1-UwL4FpAxc1ImVECS5kmB91F1A4M= sha512-CkCj6giN3S+n9qrYiBTX5gystlENnRW5jZeNLHpe6aue+SrHcG5VYwujhW9s4dY31mEGsxBDrHR6oI69fTXsaQ=="
        },
        "strip-ansi": {
          "version": "5.2.0",
          "resolved": "https://registry.yarnpkg.com/strip-ansi/-/strip-ansi-5.2.0.tgz",
          "integrity": "sha1-jJpTb+tq/JYr36WxBKUJHBrZwK4= sha512-DuRs1gKbBqsMKIZlrffwlug8MHkcnpjs5VPmL1PAh+mA30U0DTotfDZ0d2UUsXpPmPmMMJ6W773MaA3J+lbiWA=="
        },
        "tmp": {
          "version": "0.2.1",
          "resolved": "https://registry.yarnpkg.com/tmp/-/tmp-0.2.1.tgz",
          "integrity": "sha1-hFf8MDfc9HGcJRNnoa9lAO4czxQ= sha512-76SUhtfqR2Ijn+xllcI5P1oyannHNHByD80W1q447gU3mp9G9PSpGdWmjUOHRDPiHYacIk66W7ubDTuPF3BEtQ=="
        }
      }
    },
    "gatsby-image": {
      "version": "2.8.0",
      "resolved": "https://registry.yarnpkg.com/gatsby-image/-/gatsby-image-2.8.0.tgz",
      "integrity": "sha1-/YgmLjwEa33oo5ALwIL2VoNJCCk= sha512-yKoOdmO5E97PThF6W8KOr5zeg7nYu3sE44iOupyFKqUvCDRNg9aPBpruCE4Adfc3yxyhFIN70CGV6nAQNOtmvA=="
    },
    "gatsby-plugin-react-helmet": {
      "version": "3.7.0",
      "resolved": "https://registry.yarnpkg.com/gatsby-plugin-react-helmet/-/gatsby-plugin-react-helmet-3.7.0.tgz",
      "integrity": "sha1-GjylizmeKpn/X+yXQh/yFWs9ZOA= sha512-vynqIMOUR/sOfM2eXpZiECuEZ6G/97ic+ulkyCVw7CjHNTQCW2evzJKNbHQrBYgmQCGXzQJuyGf1F5khLm8H7g=="
    },
    "gatsby-plugin-sharp": {
      "version": "2.11.2",
      "resolved": "https://registry.yarnpkg.com/gatsby-plugin-sharp/-/gatsby-plugin-sharp-2.11.2.tgz",
      "integrity": "sha1-SU6cpttB2odm+evT69QypYn+YLA= sha512-NzYWuH9M12xf7aoHL8ynvUJvmwq6JmJqYD62liUOV4hU+MR8iQH0A4qkHWTIMCs5J5WSILgR5p7T2x5JrSLIAA==",
      "requires": {
        "fs-extra": "^9.0.1",
        "got": "^10.7.0",
        "semver": "^7.3.2"
      },
      "dependencies": {
        "fs-extra": {
          "version": "9.0.1",
          "resolved": "https://registry.yarnpkg.com/fs-extra/-/fs-extra-9.0.1.tgz",
          "integrity": "sha1-kQ2gBiQ3ukw5/t2GPxZ1zP78ufw= sha512-h2iAoN838FqAFJY2/qVpzFXy+EBxfVE220PalAqQLDVsFOHLJrZvut5puAbCdNv6WJk+B8ihI+k0c7JK5erwqQ=="
        },
        "got": {
          "version": "10.7.0",
          "resolved": "https://registry.yarnpkg.com/got/-/got-10.7.0.tgz",
          "integrity": "sha1-YoidvNbMoyzWoVTMLQxolRIdCR8= sha512-aWTDeNw9g+XqEZNcTjMMZSy7B7yE9toWOFYip7ofFTLleJhvZwUxxTxkTpKvF+p1SAA4VHmuEy7PiHTHyq8tJg=="
        },
        "semver": {
          "version": "7.3.4",
          "resolved": "https://registry.yarnpkg.com/semver/-/semver-7.3.4.tgz",
          "integrity": "sha1-J6qn0uTKdkUvmNOt0JOnLJQ+3Jc= sha512-tCfb2WLjqFAtXn4KEdxIhalnRtoKFN7nAwj0B3ZXCbQloV2tq5eDbcTmT68JJD3nRJq24/XgxtQKFIpQdtvmVw=="
        }
      }
    },
    "gatsby-source-filesystem": {
      "version": "2.8.1",
      "resolved": "https://registry.yarnpkg.com/gatsby-source-filesystem/-/gatsby-source-filesystem-2.8.1.tgz",
      "integrity": "sha1-hbXc5u16HfXUOlTpH4aC0rIZplY= sha512-awvrQ63dayVFsbTnPS8dIpFCsDnvwj5RKUCtwn5wL+DKerOFgcCfyXHsSx4rrnIlnvs30yzR7qNgN5tHSx2++Q==",
      "requires": {
        "file-type": "^16.0.0",
        "got": "^9.6.0",
        "xstate": "^4.14.0"
      },
      "dependencies": {
        "file-type": {
          "version": "16.1.0",
          "resolved": "https://registry.yarnpkg.com/file-type/-/file-type-16.1.0.tgz",
          "integrity": "sha1-HIpEWLIQPgfStJrn92OEq6/oZSk= sha512-G4Klqf6tuprtG0pC4r9kni4Wv8XhAAsfHphVqsQGA+YiOlPAO40BZduDqKfv0RFsu9q9ZbFObWfwszY/NqhEZw=="
        },
        "got": {
          "version": "9.6.0",
          "resolved": "https://registry.yarnpkg.com/got/-/got-9.6.0.tgz",
          "integrity": "sha1-7fRefWf5lUVwXeH3u+7rEhdl7YU= sha512-R7eWptXuGYxwijs0eV+v3o6+XH1IqVK8dJOEecQfTmkncw9AV4dcw/Dhxi8MdlqPthxxpZyizMzyg8RTmEsG+Q=="
        },
        "xstate": {
          "version": "4.15.3",
          "resolved": "https://registry.yarnpkg.com/xstate/-/xstate-4.15.3.tgz",
          "integrity": "sha1-nIIlzaO+I1nH1tHVh+Avpb+b//c= sha512-nf4zzLNs5W57stMZib9UG9PA5ywu89INsaXBMZf7iQxkYD9apbIOQcK8nu/iVZEDOVE+vR8GQnTaOg/8iDSK5Q=="
        }
      }
    },
    "gatsby-transformer-remark": {
      "version": "2.13.1",
      "resolved": "https://registry.yarnpkg.com/gatsby-transformer-remark/-/gatsby-transformer-remark-2.13.1.tgz",
      "integrity": "sha1-qJg+vhhXyJarFxtsWqWNVQO1aEs= sha512-l1QWWye5l9x009vLNn+tus2cEHO2OICKINJg5jhValw4Frm+XLJz97ffX1Y6s6a8b6tLuEZPQFb/pwk0wgi0UQ=="
    },
    "gatsby-transformer-sharp": {
      "version": "2.9.0",
      "resolved": "https://registry.yarnpkg.com/gatsby-transformer-sharp/-/gatsby-transformer-sharp-2.9.0.tgz",
      "integrity": "sha1-0pczc39fKLoRUztOhniDCVoPcXg= sha512-v8kKgySAZtO7ko+XKbSFLXM0JUPP5s08PI7S8krBPsrhclSY9plRGOqtef1dNG7LIxbGCggy58fGTaD3aad12g==",
      "requires": {
        "fs-extra": "^9.0.1",
        "semver": "^7.3.2"
      },
      "dependencies": {
        "fs-extra": {
          "version": "9.0.1",
          "resolved": "https://registry.yarnpkg.com/fs-extra/-/fs-extra-9.0.1.tgz",
          "integrity": "sha1-kQ2gBiQ3ukw5/t2GPxZ1zP78ufw= sha512-h2iAoN838FqAFJY2/qVpzFXy+EBxfVE220PalAqQLDVsFOHLJrZvut5puAbCdNv6WJk+B8ihI+k0c7JK5erwqQ=="
        },
        "semver": {
          "version": "7.3.4",
          "resolved": "https://registry.yarnpkg.com/semver/-/semver-7.3.4.tgz",
          "integrity": "sha1-J6qn0uTKdkUvmNOt0JOnLJQ+3Jc= sha512-tCfb2WLjqFAtXn4KEdxIhalnRtoKFN7nAwj0B3ZXCbQloV2tq5eDbcTmT68JJD3nRJq24/XgxtQKFIpQdtvmVw=="
        }
      }
    },
    "js-tokens": {
      "version": "4.0.0",
      "resolved": "https://registry.yarnpkg.com/js-tokens/-/js-tokens-4.0.0.tgz",
      "integrity": "sha1-GSA/tZmR35jjoocFDUZHzerzJJk= sha512-RdJUflcE3cUzKiMqQgsCu06FPu9UdIJO0beYbPhHN4k6apgJtifcoCtT9bcxOpYBtpD2kCM6Sbzg4CausW/PKQ=="
    },
    "loose-envify": {
      "version": "1.4.0",
      "resolved": "https://registry.yarnpkg.com/loose-envify/-/loose-envify-1.4.0.tgz",
      "integrity": "sha1-ce5R+nvkyuwaY4OffmgtgTLTDK8= sha512-lyuxPGr/Wfhrlem2CL/UcnUc1zcqKAImBDzukY7Y5F/yQiNdko6+fRLevlw1HgMySw7f611UIY408EtxRSoK3Q==",
      "requires": {
        "js-tokens": "^3.0.0 || ^4.0.0"
      }
    },
    "object-assign": {
      "version": "4.1.1",
      "resolved": "https://registry.yarnpkg.com/object-assign/-/object-assign-4.1.1.tgz",
      "integrity": "sha1-IQmtx5ZYh8/AXLvUQsrIv7s2CGM="
    },
    "prop-types": {
      "version": "15.7.2",
      "resolved": "https://registry.yarnpkg.com/prop-types/-/prop-types-15.7.2.tgz",
      "integrity": "sha1-UsQedbjIfnK52TYOAga5ncv/psU= sha512-8QQikdH7//R2vurIJSutZ1smHYTcLpRWEOlHnzcWHmBYrOGUysKwSsrC89BCiFj3CbrfJ/nXFdJepOVrY1GCHQ==",
      "requires": {
        "loose-envify": "^1.4.0",
        "object-assign": "^4.1.1",
        "react-is": "^16.8.1"
      }
    },
    "react": {
      "version": "16.14.0",
      "resolved": "https://registry.npmjs.org/react/-/react-16.14.0.tgz",
      "integrity": "sha512-0X2CImDkJGApiAlcf0ODKIneSwBPhqJawOa5wCtKbu7ZECrmS26NvtSILynQ66cgkT/RJ4LidJOc3bUESwmU8g==",
      "requires": {
        "loose-envify": "^1.1.0",
        "object-assign": "^4.1.1",
        "prop-types": "^15.6.2"
      }
    },
    "react-dom": {
      "version": "16.14.0",
      "resolved": "https://registry.npmjs.org/react-dom/-/react-dom-16.14.0.tgz",
      "integrity": "sha512-1gCeQXDLoIqMgqD3IO2Ah9bnf0w9kzhwN5q4FGnHZ67hBm9yePzB5JJAIQCc8x3pFnNlwFq4RidZggNAAkzWWw==",
      "requires": {
        "loose-envify": "^1.1.0",
        "object-assign": "^4.1.1",
        "prop-types": "^15.6.2",
        "scheduler": "^0.19.1"
      }
    },
    "react-helmet": {
      "version": "6.1.0",
      "resolved": "https://registry.yarnpkg.com/react-helmet/-/react-helmet-6.1.0.tgz",
      "integrity": "sha1-p1DVFlyxPPIT5EdHUCZS55RGhyY= sha512-4uMzEY9nlDlgxr61NL3XbKRy1hEkXmKNXhjbAIOVw5vcFrsdYbH2FEwcNyWvWinl103nXgzYNlns9ca+8kFiWw=="
    },
    "react-is": {
      "version": "16.13.1",
      "resolved": "https://registry.yarnpkg.com/react-is/-/react-is-16.13.1.tgz",
      "integrity": "sha1-eJcppNw23imZ3BVt1sHZwYzqVqQ= sha512-24e6ynE2H+OKt4kqsOvNd8kBpV65zoxbA4BVsEOB3ARVWQki/DHzaUoC5KuON/BiccDaCCTZBuOcfZs70kR8bQ=="
    },
    "scheduler": {
      "version": "0.19.1",
      "resolved": "https://registry.npmjs.org/scheduler/-/scheduler-0.19.1.tgz",
      "integrity": "sha512-n/zwRWRYSUj0/3g/otKDRPMh6qv2SYMWNq85IEa8iZyAv8od9zDYpGSnpBEjNgcMNq6Scbu5KfIPxNF72R/2EA==",
      "requires": {
        "loose-envify": "^1.1.0",
        "object-assign": "^4.1.1"
      }
    }
  }
}
